{
    "_meta": {
        "hash": {
            "sha256": "b6189459957aef6ce6c5540640fb11f126a946a8f0c997bf97c591f79a7da054"
        },
        "pipfile-spec": 6,
        "requires": {
            "python_version": "3.7"
        },
        "sources": [
            {
                "name": "pypi",
                "url": "https://pypi.org/simple",
                "verify_ssl": true
            }
        ]
    },
    "default": {
        "adafruit-blinka": {
            "hashes": [
                "sha256:1254c70430f7dfb4e0a74825d040bcab2d01cedf91e480f7fb580fe30aa32570"
            ],
            "index": "pypi",
            "version": "==4.3.0"
        },
        "adafruit-circuitpython-ads1x15": {
            "hashes": [
                "sha256:1170211dea7cdb15690e0b637b27131b0896fb5fb450a43381677caf9bdb2546"
            ],
            "index": "pypi",
            "version": "==2.2.0"
        },
        "adafruit-circuitpython-busdevice": {
            "hashes": [
                "sha256:3a1649478bfe8772f90f1867f5a244e0957d1885433dc431e11d39096647c677"
            ],
            "version": "==4.3.0"
        },
        "adafruit-circuitpython-lis3dh": {
            "hashes": [
                "sha256:d26b91d9af423f7e4ad8dc7cc02664eba72de98d7145e9f7a6e6744ad22548d8"
            ],
            "index": "pypi",
            "version": "==5.1.0"
        },
        "adafruit-circuitpython-max31865": {
            "hashes": [
                "sha256:7ddc305a5523a0a84b00f9e2879ba6e3e66f1db29a96ca33283e06d31f65569d"
            ],
            "index": "pypi",
            "version": "==2.2.1"
        },
        "adafruit-platformdetect": {
            "hashes": [
                "sha256:bf446f8365cdf0a87d4bf6620e70bd59da99b0523c2111f0dc74a1155236ff61"
            ],
            "version": "==2.5.0"
        },
        "adafruit-pureio": {
            "hashes": [
                "sha256:7f3384a2cedb3f9d1b0d3f0f8424e47ac53157235514d8d936703139c63cfd45"
            ],
            "version": "==1.1.0"
        },
        "colorzero": {
            "hashes": [
                "sha256:acba47119b5d8555680d3cda9afe6ccc5481385ccc3c00084dd973f7aa184599",
                "sha256:e3c36d15b293de2b2f77ff54a5bd243fffac941ed0a5332d0697a6612a26a0a3"
            ],
            "version": "==1.1"
        },
        "gpiozero": {
            "hashes": [
                "sha256:101044038e71cec8be2fa841d4cea9e50e7962e9fb0287f465298b59e3f06594",
                "sha256:ae1a8dc4e6e793ffd8f900968f3290d218052c46347fa0c0503c65fabe422e4d"
            ],
            "index": "pypi",
            "version": "==1.5.1"
        },
        "pad4pi": {
            "hashes": [
                "sha256:fa855896a1793d0005cf810ed5aa7aa639984cb83dc50cba51b4236b8badb764"
            ],
            "index": "pypi",
            "version": "==1.1.5"
        },
        "pep8": {
            "hashes": [
                "sha256:b22cfae5db09833bb9bd7c8463b53e1a9c9b39f12e304a8d0bba729c501827ee",
                "sha256:fe249b52e20498e59e0b5c5256aa52ee99fc295b26ec9eaa85776ffdb9fe6374"
            ],
            "index": "pypi",
            "version": "==1.7.1"
        },
        "pyftdi": {
            "hashes": [
                "sha256:7d617fbf4973452f73349383454aaec6eee298bb0789686c34b9c346c717d7db",
                "sha256:be03977320abb31ab8be35f95bdd82fdfbef22288a63e78c0676353e06a73099"
            ],
            "version": "==0.50.0"
        },
        "pyserial": {
            "hashes": [
                "sha256:6e2d401fdee0eab996cf734e67773a0143b932772ca8b42451440cfed942c627",
                "sha256:e0770fadba80c31013896c7e6ef703f72e7834965954a78e71a3049488d4d7d8"
            ],
            "version": "==3.4"
        },
        "pyusb": {
            "hashes": [
                "sha256:4e9b72cc4a4205ca64fbf1f3fff39a335512166c151ad103e55c8223ac147362"
            ],
            "version": "==1.0.2"
        },
        "rpi.gpio": {
            "hashes": [
                "sha256:7424bc6c205466764f30f666c18187a0824077daf20b295c42f08aea2cb87d3f"
            ],
            "index": "pypi",
            "version": "==0.7.0"
        },
        "smbus2": {
            "hashes": [
                "sha256:210e66eebe4d0b1fe836b3ec2751841942e1c4918c0b429b20a0e20a222228b4"
            ],
            "index": "pypi",
            "version": "==0.3.0"
        },
        "sysv-ipc": {
            "hashes": [
                "sha256:2b2b8491764845d06a9d5731ebe67f12fbe0c35967ac7f2bbe55ff24cb302405",
                "sha256:8eff10dd17789ddf21b422ce46ae0f6420088902a88e4296cb805cf2fde8b4dc",
                "sha256:a67fc5b7a3dd5fc9c50776de0c65a44eb776d29bb88364dedb1fb1149e53a1f1"
            ],
            "version": "==1.0.1"
        }
    },
    "develop": {}
}
