{
    "_meta": {
        "hash": {
            "sha256": "2648049760c68a73446a720762b62b67af90ee9369ad4b5e2ad6f52c93641140"
        },
        "pipfile-spec": 6,
        "requires": {
            "python_version": "3.7"
        },
        "sources": [
            {
                "name": "pypi",
                "url": "https://pypi.org/simple",
                "verify_ssl": true
            }
        ]
    },
    "default": {
        "adafruit-blinka": {
            "hashes": [
                "sha256:633519e30f56bf65837bfe43b146932917721a4826198d22e4dc38895a6575d2"
            ],
            "index": "pypi",
            "version": "==4.0.0"
        },
        "adafruit-circuitpython-ads1x15": {
            "hashes": [
                "sha256:087198335311ca936bc1ec2629fb64ddf9f14ffcd67efb32a5f045dd24e1c878"
            ],
            "index": "pypi",
            "version": "==2.1.3"
        },
        "adafruit-circuitpython-busdevice": {
            "hashes": [
                "sha256:3eb93c6a78afb2f1c7910b6bf99754106991cd2f162ec34cff90cd4517f0ba7b"
            ],
            "version": "==4.2.1"
        },
        "adafruit-circuitpython-lis3dh": {
            "hashes": [
                "sha256:830ec87fcb2b5068dd37e85b7814f3845a7f50718ef3e37a7483282afb15b591"
            ],
            "index": "pypi",
            "version": "==5.0.2"
        },
        "adafruit-circuitpython-max31865": {
            "hashes": [
                "sha256:158dce6c6c84d3df27d98619cf0100af858b0dd79205c843449890669a35b651"
            ],
            "index": "pypi",
            "version": "==2.1.4"
        },
        "adafruit-platformdetect": {
            "hashes": [
                "sha256:82e0746096fe0e32cd6a6acb66742ea3dbe7eb3143aca557077bb69b6c3fe15f"
            ],
            "version": "==2.2.0"
        },
        "adafruit-pureio": {
            "hashes": [
                "sha256:b67587ed3c4dc90bd0e9b988587efa66b4466abf71eb0dcbcd4695e7e4350326"
            ],
            "version": "==1.0.4"
        },
        "colorzero": {
            "hashes": [
                "sha256:acba47119b5d8555680d3cda9afe6ccc5481385ccc3c00084dd973f7aa184599",
                "sha256:e3c36d15b293de2b2f77ff54a5bd243fffac941ed0a5332d0697a6612a26a0a3"
            ],
            "version": "==1.1"
        },
        "gpiozero": {
            "hashes": [
                "sha256:101044038e71cec8be2fa841d4cea9e50e7962e9fb0287f465298b59e3f06594",
                "sha256:ae1a8dc4e6e793ffd8f900968f3290d218052c46347fa0c0503c65fabe422e4d"
            ],
            "index": "pypi",
            "version": "==1.5.1"
        },
        "pad4pi": {
            "hashes": [
                "sha256:fa855896a1793d0005cf810ed5aa7aa639984cb83dc50cba51b4236b8badb764"
            ],
            "index": "pypi",
            "version": "==1.1.5"
        },
        "pyftdi": {
            "hashes": [
                "sha256:958911cc67c0ee7a5df0d013202c79d90f2bd2fa1ac546f77982b407d5decff4"
            ],
            "version": "==0.44.0"
        },
        "pyserial": {
            "hashes": [
                "sha256:6e2d401fdee0eab996cf734e67773a0143b932772ca8b42451440cfed942c627",
                "sha256:e0770fadba80c31013896c7e6ef703f72e7834965954a78e71a3049488d4d7d8"
            ],
            "version": "==3.4"
        },
        "pyusb": {
            "hashes": [
                "sha256:4e9b72cc4a4205ca64fbf1f3fff39a335512166c151ad103e55c8223ac147362"
            ],
            "version": "==1.0.2"
        },
        "rpi-ws281x": {
            "hashes": [
                "sha256:185d7ae138a5633cf4cd707c55d7190b34810cc3f5e5682c820ddf1dade20914",
                "sha256:265a395410cc7199f779c4209ca3970b7211896b86dbaa4731bdc3569d2e595f",
                "sha256:544f09353ccb578452d0478470460d3425f40e8dd7433131a95239daeae83303",
                "sha256:bc3a22e55c2a10de5c4dfb23c13dceff66162e77eb7176701f1a0d5ae8b97695",
                "sha256:de182acceab047030056e2ab0dd2bd2632f2375f60d9a94cf7e3a8a4033834a0"
            ],
            "version": "==4.2.3"
        },
        "rpi.gpio": {
            "hashes": [
                "sha256:7424bc6c205466764f30f666c18187a0824077daf20b295c42f08aea2cb87d3f"
            ],
            "index": "pypi",
            "version": "==0.7.0"
        },
        "smbus2": {
            "hashes": [
                "sha256:210e66eebe4d0b1fe836b3ec2751841942e1c4918c0b429b20a0e20a222228b4"
            ],
            "index": "pypi",
            "version": "==0.3.0"
        },
        "spidev": {
            "hashes": [
                "sha256:4314e52f573d95233c907f307558893313a8a606e197e77bb711526b0e179e80"
            ],
            "version": "==3.4"
        },
        "sysv-ipc": {
            "hashes": [
                "sha256:2b2b8491764845d06a9d5731ebe67f12fbe0c35967ac7f2bbe55ff24cb302405",
                "sha256:8eff10dd17789ddf21b422ce46ae0f6420088902a88e4296cb805cf2fde8b4dc",
                "sha256:a67fc5b7a3dd5fc9c50776de0c65a44eb776d29bb88364dedb1fb1149e53a1f1"
            ],
            "version": "==1.0.1"
        }
    },
    "develop": {}
}
